
Microsoft Visual Studio Solution File, Format Version 12.00
# Visual Studio 15
VisualStudioVersion = 15.0.28307.779
MinimumVisualStudioVersion = 10.0.40219.1
Project("{FAE04EC0-301F-11D3-BF4B-00C04F79EFBC}") = "Northwind.Entities", "Northwind.Entities\Northwind.Entities.csproj", "{198FA9FE-09D2-4E9F-A34A-E050AB57C5C2}"
EndProject
Global
	GlobalSection(SolutionConfigurationPlatforms) = preSolution
		Debug|Any CPU = Debug|Any CPU
		Release|Any CPU = Release|Any CPU
	EndGlobalSection
	GlobalSection(ProjectConfigurationPlatforms) = postSolution
		{198FA9FE-09D2-4E9F-A34A-E050AB57C5C2}.Debug|Any CPU.ActiveCfg = Debug|Any CPU
		{198FA9FE-09D2-4E9F-A34A-E050AB57C5C2}.Debug|Any CPU.Build.0 = Debug|Any CPU
		{198FA9FE-09D2-4E9F-A34A-E050AB57C5C2}.Release|Any CPU.ActiveCfg = Release|Any CPU
		{198FA9FE-09D2-4E9F-A34A-E050AB57C5C2}.Release|Any CPU.Build.0 = Release|Any CPU
	EndGlobalSection
	GlobalSection(SolutionProperties) = preSolution
		HideSolutionNode = FALSE
	EndGlobalSection
	GlobalSection(ExtensibilityGlobals) = postSolution
		SolutionGuid = {E4A3E6A1-11A9-43B9-9604-61C7D162CDE5}
	EndGlobalSection
EndGlobal
